// !$*UTF8*$!
{
	archiveVersion = 1;
	classes = {
	};
	objectVersion = 77;
	objects = {

/* Begin PBXBuildFile section */
		C85263DC2F18AEE40083198D /* smartbilling.swift in Sources */ = {isa = PBXBuildFile; fileRef = C85263DB2F18AD7F0083198D /* smartbilling.swift */; };
		C85263DF2F18B3F30083198D /* FirebaseAI in Frameworks */ = {isa = PBXBuildFile; productRef = C85263DE2F18B3F20083198D /* FirebaseAI */; };
		C85263E12F18B3F30083198D /* FirebaseAILogic in Frameworks */ = {isa = PBXBuildFile; productRef = C85263E02F18B3F30083198D /* FirebaseAILogic */; };
		C85263E32F18B3F30083198D /* FirebaseAnalytics in Frameworks */ = {isa = PBXBuildFile; productRef = C85263E22F18B3F30083198D /* FirebaseAnalytics */; };
		C85263E52F18B3F30083198D /* FirebaseAnalyticsCore in Frameworks */ = {isa = PBXBuildFile; productRef = C85263E42F18B3F30083198D /* FirebaseAnalyticsCore */; };
		C85263E72F18B3F30083198D /* FirebaseAnalyticsIdentitySupport in Frameworks */ = {isa = PBXBuildFile; productRef = C85263E62F18B3F30083198D /* FirebaseAnalyticsIdentitySupport */; };
		C85263E92F18B3F30083198D /* FirebaseAppCheck in Frameworks */ = {isa = PBXBuildFile; productRef = C85263E82F18B3F30083198D /* FirebaseAppCheck */; };
		C85263EB2F18B3F30083198D /* FirebaseAuth in Frameworks */ = {isa = PBXBuildFile; productRef = C85263EA2F18B3F30083198D /* FirebaseAuth */; };
		C85263ED2F18B3F30083198D /* FirebaseCore in Frameworks */ = {isa = PBXBuildFile; productRef = C85263EC2F18B3F30083198D /* FirebaseCore */; };
		C85263EF2F18B3F30083198D /* FirebaseDatabase in Frameworks */ = {isa = PBXBuildFile; productRef = C85263EE2F18B3F30083198D /* FirebaseDatabase */; };
		C85263F12F18B3F30083198D /* FirebaseFirestore in Frameworks */ = {isa = PBXBuildFile; productRef = C85263F02F18B3F30083198D /* FirebaseFirestore */; };
		C85263F32F18B3F30083198D /* FirebaseFunctions in Frameworks */ = {isa = PBXBuildFile; productRef = C85263F22F18B3F30083198D /* FirebaseFunctions */; };
		C85263F52F18B3F30083198D /* FirebaseInAppMessaging-Beta in Frameworks */ = {isa = PBXBuildFile; productRef = C85263F42F18B3F30083198D /* FirebaseInAppMessaging-Beta */; };
		C85263F72F18B3F30083198D /* FirebaseMessaging in Frameworks */ = {isa = PBXBuildFile; productRef = C85263F62F18B3F30083198D /* FirebaseMessaging */; };
		C85263F92F18B3F30083198D /* FirebaseStorage in Frameworks */ = {isa = PBXBuildFile; productRef = C85263F82F18B3F30083198D /* FirebaseStorage */; };
		C85263FA2F18B94F0083198D /* login_view.swift in Sources */ = {isa = PBXBuildFile; fileRef = C85263D32F18A3990083198D /* login_view.swift */; };
		C85263FB2F18BEDD0083198D /* login_viewmodel.swift in Sources */ = {isa = PBXBuildFile; fileRef = C85263D42F18A3AA0083198D /* login_viewmodel.swift */; };
		C85263FC2F18BF6B0083198D /* dashboard_view.swift in Sources */ = {isa = PBXBuildFile; fileRef = C85263D82F18AB0B0083198D /* dashboard_view.swift */; };
		C85263FD2F18BF750083198D /* dashboard_viewmodel.swift in Sources */ = {isa = PBXBuildFile; fileRef = C85263D72F18AAF70083198D /* dashboard_viewmodel.swift */; };
		C85263FE2F18BF7B0083198D /* auth_service.swift in Sources */ = {isa = PBXBuildFile; fileRef = C85263DA2F18AC630083198D /* auth_service.swift */; };
		C85263FF2F18BF870083198D /* invoice_model.swift in Sources */ = {isa = PBXBuildFile; fileRef = C85263D62F18AAE10083198D /* invoice_model.swift */; };
		C85264002F18BF8C0083198D /* login_model.swift in Sources */ = {isa = PBXBuildFile; fileRef = C85263D52F18A3C10083198D /* login_model.swift */; };
		C85264022F18D2FC0083198D /* GoogleService-Info.plist in Resources */ = {isa = PBXBuildFile; fileRef = C85264012F18D2FC0083198D /* GoogleService-Info.plist */; };
/* End PBXBuildFile section */

/* Begin PBXFileReference section */
		C85263BE2F189B400083198D /* Smart Billing & Invoice Analyzer App.app */ = {isa = PBXFileReference; explicitFileType = wrapper.application; includeInIndex = 0; path = "Smart Billing & Invoice Analyzer App.app"; sourceTree = BUILT_PRODUCTS_DIR; };
		C85263D32F18A3990083198D /* login_view.swift */ = {isa = PBXFileReference; lastKnownFileType = sourcecode.swift; path = login_view.swift; sourceTree = "<group>"; };
		C85263D42F18A3AA0083198D /* login_viewmodel.swift */ = {isa = PBXFileReference; lastKnownFileType = sourcecode.swift; path = login_viewmodel.swift; sourceTree = "<group>"; };
		C85263D52F18A3C10083198D /* login_model.swift */ = {isa = PBXFileReference; lastKnownFileType = sourcecode.swift; path = login_model.swift; sourceTree = "<group>"; };
		C85263D62F18AAE10083198D /* invoice_model.swift */ = {isa = PBXFileReference; lastKnownFileType = sourcecode.swift; path = invoice_model.swift; sourceTree = "<group>"; };
		C85263D72F18AAF70083198D /* dashboard_viewmodel.swift */ = {isa = PBXFileReference; lastKnownFileType = sourcecode.swift; path = dashboard_viewmodel.swift; sourceTree = "<group>"; };
		C85263D82F18AB0B0083198D /* dashboard_view.swift */ = {isa = PBXFileReference; lastKnownFileType = sourcecode.swift; path = dashboard_view.swift; sourceTree = "<group>"; };
		C85263DA2F18AC630083198D /* auth_service.swift */ = {isa = PBXFileReference; lastKnownFileType = sourcecode.swift; path = auth_service.swift; sourceTree = "<group>"; };
		C85263DB2F18AD7F0083198D /* smartbilling.swift */ = {isa = PBXFileReference; lastKnownFileType = sourcecode.swift; path = smartbilling.swift; sourceTree = "<group>"; };
		C85264012F18D2FC0083198D /* GoogleService-Info.plist */ = {isa = PBXFileReference; lastKnownFileType = text.plist.xml; path = "GoogleService-Info.plist"; sourceTree = "<group>"; };
/* End PBXFileReference section */

/* Begin PBXFrameworksBuildPhase section */
		C85263BB2F189B400083198D /* Frameworks */ = {
			isa = PBXFrameworksBuildPhase;
			buildActionMask = 2147483647;
			files = (
				C85263E12F18B3F30083198D /* FirebaseAILogic in Frameworks */,
				C85263E72F18B3F30083198D /* FirebaseAnalyticsIdentitySupport in Frameworks */,
				C85263DF2F18B3F30083198D /* FirebaseAI in Frameworks */,
				C85263F12F18B3F30083198D /* FirebaseFirestore in Frameworks */,
				C85263E32F18B3F30083198D /* FirebaseAnalytics in Frameworks */,
				C85263E92F18B3F30083198D /* FirebaseAppCheck in Frameworks */,
				C85263EB2F18B3F30083198D /* FirebaseAuth in Frameworks */,
				C85263EF2F18B3F30083198D /* FirebaseDatabase in Frameworks */,
				C85263F72F18B3F30083198D /* FirebaseMessaging in Frameworks */,
				C85263ED2F18B3F30083198D /* FirebaseCore in Frameworks */,
				C85263F32F18B3F30083198D /* FirebaseFunctions in Frameworks */,
				C85263F92F18B3F30083198D /* FirebaseStorage in Frameworks */,
				C85263E52F18B3F30083198D /* FirebaseAnalyticsCore in Frameworks */,
				C85263F52F18B3F30083198D /* FirebaseInAppMessaging-Beta in Frameworks */,
			);
			runOnlyForDeploymentPostprocessing = 0;
		};
/* End PBXFrameworksBuildPhase section */

/* Begin PBXGroup section */
		C85263B52F189B400083198D = {
			isa = PBXGroup;
			children = (
				C85263DB2F18AD7F0083198D /* smartbilling.swift */,
				C85263D22F18A28C0083198D /* Utilities */,
				C85263D12F18A2810083198D /* Services */,
				C85263D02F18A2760083198D /* ViewModels */,
				C85263CF2F18A2680083198D /* Views */,
				C85263CE2F18A2620083198D /* Models */,
				C85263BF2F189B400083198D /* Products */,
				C85264012F18D2FC0083198D /* GoogleService-Info.plist */,
			);
			sourceTree = "<group>";
		};
		C85263BF2F189B400083198D /* Products */ = {
			isa = PBXGroup;
			children = (
				C85263BE2F189B400083198D /* Smart Billing & Invoice Analyzer App.app */,
			);
			name = Products;
			sourceTree = "<group>";
		};
		C85263CE2F18A2620083198D /* Models */ = {
			isa = PBXGroup;
			children = (
				C85263D62F18AAE10083198D /* invoice_model.swift */,
				C85263D52F18A3C10083198D /* login_model.swift */,
			);
			path = Models;
			sourceTree = "<group>";
		};
		C85263CF2F18A2680083198D /* Views */ = {
			isa = PBXGroup;
			children = (
				C85263D82F18AB0B0083198D /* dashboard_view.swift */,
				C85263D32F18A3990083198D /* login_view.swift */,
			);
			path = Views;
			sourceTree = "<group>";
		};
		C85263D02F18A2760083198D /* ViewModels */ = {
			isa = PBXGroup;
			children = (
				C85263D72F18AAF70083198D /* dashboard_viewmodel.swift */,
				C85263D42F18A3AA0083198D /* login_viewmodel.swift */,
			);
			path = ViewModels;
			sourceTree = "<group>";
		};
		C85263D12F18A2810083198D /* Services */ = {
			isa = PBXGroup;
			children = (
				C85263DA2F18AC630083198D /* auth_service.swift */,
			);
			path = Services;
			sourceTree = "<group>";
		};
		C85263D22F18A28C0083198D /* Utilities */ = {
			isa = PBXGroup;
			children = (
			);
			path = Utilities;
			sourceTree = "<group>";
		};
/* End PBXGroup section */

/* Begin PBXNativeTarget section */
		C85263BD2F189B400083198D /* Smart Billing & Invoice Analyzer App */ = {
			isa = PBXNativeTarget;
			buildConfigurationList = C85263C92F189B410083198D /* Build configuration list for PBXNativeTarget "Smart Billing & Invoice Analyzer App" */;
			buildPhases = (
				C85263BA2F189B400083198D /* Sources */,
				C85263BB2F189B400083198D /* Frameworks */,
				C85263BC2F189B400083198D /* Resources */,
			);
			buildRules = (
			);
			dependencies = (
			);
			name = "Smart Billing & Invoice Analyzer App";
			packageProductDependencies = (
				C85263DE2F18B3F20083198D /* FirebaseAI */,
				C85263E02F18B3F30083198D /* FirebaseAILogic */,
				C85263E22F18B3F30083198D /* FirebaseAnalytics */,
				C85263E42F18B3F30083198D /* FirebaseAnalyticsCore */,
				C85263E62F18B3F30083198D /* FirebaseAnalyticsIdentitySupport */,
				C85263E82F18B3F30083198D /* FirebaseAppCheck */,
				C85263EA2F18B3F30083198D /* FirebaseAuth */,
				C85263EC2F18B3F30083198D /* FirebaseCore */,
				C85263EE2F18B3F30083198D /* FirebaseDatabase */,
				C85263F02F18B3F30083198D /* FirebaseFirestore */,
				C85263F22F18B3F30083198D /* FirebaseFunctions */,
				C85263F42F18B3F30083198D /* FirebaseInAppMessaging-Beta */,
				C85263F62F18B3F30083198D /* FirebaseMessaging */,
				C85263F82F18B3F30083198D /* FirebaseStorage */,
			);
			productName = "Smart Billing & Invoice Analyzer App";
			productReference = C85263BE2F189B400083198D /* Smart Billing & Invoice Analyzer App.app */;
			productType = "com.apple.product-type.application";
		};
/* End PBXNativeTarget section */

/* Begin PBXProject section */
		C85263B62F189B400083198D /* Project object */ = {
			isa = PBXProject;
			attributes = {
				BuildIndependentTargetsInParallel = 1;
				LastSwiftUpdateCheck = 2620;
				LastUpgradeCheck = 2620;
				TargetAttributes = {
					C85263BD2F189B400083198D = {
						CreatedOnToolsVersion = 26.2;
					};
				};
			};
			buildConfigurationList = C85263B92F189B400083198D /* Build configuration list for PBXProject "Smart Billing & Invoice Analyzer App" */;
			developmentRegion = en;
			hasScannedForEncodings = 0;
			knownRegions = (
				en,
				Base,
			);
			mainGroup = C85263B52F189B400083198D;
			minimizedProjectReferenceProxies = 1;
			packageReferences = (
				C85263DD2F18B3F20083198D /* XCRemoteSwiftPackageReference "firebase-ios-sdk" */,
			);
			preferredProjectObjectVersion = 77;
			productRefGroup = C85263BF2F189B400083198D /* Products */;
			projectDirPath = "";
			projectRoot = "";
			targets = (
				C85263BD2F189B400083198D /* Smart Billing & Invoice Analyzer App */,
			);
		};
/* End PBXProject section */

/* Begin PBXResourcesBuildPhase section */
		C85263BC2F189B400083198D /* Resources */ = {
			isa = PBXResourcesBuildPhase;
			buildActionMask = 2147483647;
			files = (
				C85264022F18D2FC0083198D /* GoogleService-Info.plist in Resources */,
			);
			runOnlyForDeploymentPostprocessing = 0;
		};
/* End PBXResourcesBuildPhase section */

/* Begin PBXSourcesBuildPhase section */
		C85263BA2F189B400083198D /* Sources */ = {
			isa = PBXSourcesBuildPhase;
			buildActionMask = 2147483647;
			files = (
				C85263FA2F18B94F0083198D /* login_view.swift in Sources */,
				C85263FE2F18BF7B0083198D /* auth_service.swift in Sources */,
				C85263FD2F18BF750083198D /* dashboard_viewmodel.swift in Sources */,
				C85263FC2F18BF6B0083198D /* dashboard_view.swift in Sources */,
				C85263FB2F18BEDD0083198D /* login_viewmodel.swift in Sources */,
				C85264002F18BF8C0083198D /* login_model.swift in Sources */,
				C85263DC2F18AEE40083198D /* smartbilling.swift in Sources */,
				C85263FF2F18BF870083198D /* invoice_model.swift in Sources */,
			);
			runOnlyForDeploymentPostprocessing = 0;
		};
/* End PBXSourcesBuildPhase section */

/* Begin XCBuildConfiguration section */
		C85263C72F189B410083198D /* Debug */ = {
			isa = XCBuildConfiguration;
			buildSettings = {
				ALWAYS_SEARCH_USER_PATHS = NO;
				ASSETCATALOG_COMPILER_GENERATE_SWIFT_ASSET_SYMBOL_EXTENSIONS = YES;
				CLANG_ANALYZER_NONNULL = YES;
				CLANG_ANALYZER_NUMBER_OBJECT_CONVERSION = YES_AGGRESSIVE;
				CLANG_CXX_LANGUAGE_STANDARD = "gnu++20";
				CLANG_ENABLE_MODULES = YES;
				CLANG_ENABLE_OBJC_ARC = YES;
				CLANG_ENABLE_OBJC_WEAK = YES;
				CLANG_WARN_BLOCK_CAPTURE_AUTORELEASING = YES;
				CLANG_WARN_BOOL_CONVERSION = YES;
				CLANG_WARN_COMMA = YES;
				CLANG_WARN_CONSTANT_CONVERSION = YES;
				CLANG_WARN_DEPRECATED_OBJC_IMPLEMENTATIONS = YES;
				CLANG_WARN_DIRECT_OBJC_ISA_USAGE = YES_ERROR;
				CLANG_WARN_DOCUMENTATION_COMMENTS = YES;
				CLANG_WARN_EMPTY_BODY = YES;
				CLANG_WARN_ENUM_CONVERSION = YES;
				CLANG_WARN_INFINITE_RECURSION = YES;
				CLANG_WARN_INT_CONVERSION = YES;
				CLANG_WARN_NON_LITERAL_NULL_CONVERSION = YES;
				CLANG_WARN_OBJC_IMPLICIT_RETAIN_SELF = YES;
				CLANG_WARN_OBJC_LITERAL_CONVERSION = YES;
				CLANG_WARN_OBJC_ROOT_CLASS = YES_ERROR;
				CLANG_WARN_QUOTED_INCLUDE_IN_FRAMEWORK_HEADER = YES;
				CLANG_WARN_RANGE_LOOP_ANALYSIS = YES;
				CLANG_WARN_STRICT_PROTOTYPES = YES;
				CLANG_WARN_SUSPICIOUS_MOVE = YES;
				CLANG_WARN_UNGUARDED_AVAILABILITY = YES_AGGRESSIVE;
				CLANG_WARN_UNREACHABLE_CODE = YES;
				CLANG_WARN__DUPLICATE_METHOD_MATCH = YES;
				COPY_PHASE_STRIP = NO;
				DEBUG_INFORMATION_FORMAT = dwarf;
				ENABLE_STRICT_OBJC_MSGSEND = YES;
				ENABLE_TESTABILITY = YES;
				ENABLE_USER_SCRIPT_SANDBOXING = YES;
				GCC_C_LANGUAGE_STANDARD = gnu17;
				GCC_DYNAMIC_NO_PIC = NO;
				GCC_NO_COMMON_BLOCKS = YES;
				GCC_OPTIMIZATION_LEVEL = 0;
				GCC_PREPROCESSOR_DEFINITIONS = (
					"DEBUG=1",
					"$(inherited)",
				);
				GCC_WARN_64_TO_32_BIT_CONVERSION = YES;
				GCC_WARN_ABOUT_RETURN_TYPE = YES_ERROR;
				GCC_WARN_UNDECLARED_SELECTOR = YES;
				GCC_WARN_UNINITIALIZED_AUTOS = YES_AGGRESSIVE;
				GCC_WARN_UNUSED_FUNCTION = YES;
				GCC_WARN_UNUSED_VARIABLE = YES;
				LOCALIZATION_PREFERS_STRING_CATALOGS = YES;
				MTL_ENABLE_DEBUG_INFO = INCLUDE_SOURCE;
				MTL_FAST_MATH = YES;
				ONLY_ACTIVE_ARCH = YES;
				SWIFT_ACTIVE_COMPILATION_CONDITIONS = "DEBUG $(inherited)";
				SWIFT_OPTIMIZATION_LEVEL = "-Onone";
			};
			name = Debug;
		};
		C85263C82F189B410083198D /* Release */ = {
			isa = XCBuildConfiguration;
			buildSettings = {
				ALWAYS_SEARCH_USER_PATHS = NO;
				ASSETCATALOG_COMPILER_GENERATE_SWIFT_ASSET_SYMBOL_EXTENSIONS = YES;
				CLANG_ANALYZER_NONNULL = YES;
				CLANG_ANALYZER_NUMBER_OBJECT_CONVERSION = YES_AGGRESSIVE;
				CLANG_CXX_LANGUAGE_STANDARD = "gnu++20";
				CLANG_ENABLE_MODULES = YES;
				CLANG_ENABLE_OBJC_ARC = YES;
				CLANG_ENABLE_OBJC_WEAK = YES;
				CLANG_WARN_BLOCK_CAPTURE_AUTORELEASING = YES;
				CLANG_WARN_BOOL_CONVERSION = YES;
				CLANG_WARN_COMMA = YES;
				CLANG_WARN_CONSTANT_CONVERSION = YES;
				CLANG_WARN_DEPRECATED_OBJC_IMPLEMENTATIONS = YES;
				CLANG_WARN_DIRECT_OBJC_ISA_USAGE = YES_ERROR;
				CLANG_WARN_DOCUMENTATION_COMMENTS = YES;
				CLANG_WARN_EMPTY_BODY = YES;
				CLANG_WARN_ENUM_CONVERSION = YES;
				CLANG_WARN_INFINITE_RECURSION = YES;
				CLANG_WARN_INT_CONVERSION = YES;
				CLANG_WARN_NON_LITERAL_NULL_CONVERSION = YES;
				CLANG_WARN_OBJC_IMPLICIT_RETAIN_SELF = YES;
				CLANG_WARN_OBJC_LITERAL_CONVERSION = YES;
				CLANG_WARN_OBJC_ROOT_CLASS = YES_ERROR;
				CLANG_WARN_QUOTED_INCLUDE_IN_FRAMEWORK_HEADER = YES;
				CLANG_WARN_RANGE_LOOP_ANALYSIS = YES;
				CLANG_WARN_STRICT_PROTOTYPES = YES;
				CLANG_WARN_SUSPICIOUS_MOVE = YES;
				CLANG_WARN_UNGUARDED_AVAILABILITY = YES_AGGRESSIVE;
				CLANG_WARN_UNREACHABLE_CODE = YES;
				CLANG_WARN__DUPLICATE_METHOD_MATCH = YES;
				COPY_PHASE_STRIP = NO;
				DEBUG_INFORMATION_FORMAT = "dwarf-with-dsym";
				ENABLE_NS_ASSERTIONS = NO;
				ENABLE_STRICT_OBJC_MSGSEND = YES;
				ENABLE_USER_SCRIPT_SANDBOXING = YES;
				GCC_C_LANGUAGE_STANDARD = gnu17;
				GCC_NO_COMMON_BLOCKS = YES;
				GCC_WARN_64_TO_32_BIT_CONVERSION = YES;
				GCC_WARN_ABOUT_RETURN_TYPE = YES_ERROR;
				GCC_WARN_UNDECLARED_SELECTOR = YES;
				GCC_WARN_UNINITIALIZED_AUTOS = YES_AGGRESSIVE;
				GCC_WARN_UNUSED_FUNCTION = YES;
				GCC_WARN_UNUSED_VARIABLE = YES;
				LOCALIZATION_PREFERS_STRING_CATALOGS = YES;
				MTL_ENABLE_DEBUG_INFO = NO;
				MTL_FAST_MATH = YES;
				SWIFT_COMPILATION_MODE = wholemodule;
			};
			name = Release;
		};
		C85263CA2F189B410083198D /* Debug */ = {
			isa = XCBuildConfiguration;
			buildSettings = {
				ASSETCATALOG_COMPILER_APPICON_NAME = AppIcon;
				ASSETCATALOG_COMPILER_GLOBAL_ACCENT_COLOR_NAME = AccentColor;
				CODE_SIGN_STYLE = Automatic;
				CURRENT_PROJECT_VERSION = 1;
				ENABLE_APP_SANDBOX = YES;
				ENABLE_PREVIEWS = YES;
				ENABLE_USER_SELECTED_FILES = readonly;
				GENERATE_INFOPLIST_FILE = YES;
				"INFOPLIST_KEY_UIApplicationSceneManifest_Generation[sdk=iphoneos*]" = YES;
				"INFOPLIST_KEY_UIApplicationSceneManifest_Generation[sdk=iphonesimulator*]" = YES;
				"INFOPLIST_KEY_UIApplicationSupportsIndirectInputEvents[sdk=iphoneos*]" = YES;
				"INFOPLIST_KEY_UIApplicationSupportsIndirectInputEvents[sdk=iphonesimulator*]" = YES;
				"INFOPLIST_KEY_UILaunchScreen_Generation[sdk=iphoneos*]" = YES;
				"INFOPLIST_KEY_UILaunchScreen_Generation[sdk=iphonesimulator*]" = YES;
				"INFOPLIST_KEY_UIStatusBarStyle[sdk=iphoneos*]" = UIStatusBarStyleDefault;
				"INFOPLIST_KEY_UIStatusBarStyle[sdk=iphonesimulator*]" = UIStatusBarStyleDefault;
				INFOPLIST_KEY_UISupportedInterfaceOrientations_iPad = "UIInterfaceOrientationPortrait UIInterfaceOrientationPortraitUpsideDown UIInterfaceOrientationLandscapeLeft UIInterfaceOrientationLandscapeRight";
				INFOPLIST_KEY_UISupportedInterfaceOrientations_iPhone = "UIInterfaceOrientationPortrait UIInterfaceOrientationLandscapeLeft UIInterfaceOrientationLandscapeRight";
				IPHONEOS_DEPLOYMENT_TARGET = 26.2;
				LD_RUNPATH_SEARCH_PATHS = "@executable_path/Frameworks";
				"LD_RUNPATH_SEARCH_PATHS[sdk=macosx*]" = "@executable_path/../Frameworks";
				MACOSX_DEPLOYMENT_TARGET = 26.1;
				MARKETING_VERSION = 1.0;
				PRODUCT_BUNDLE_IDENTIFIER = "s.Smart-Billing---Invoice-Analyzer-App";
				PRODUCT_NAME = "$(TARGET_NAME)";
				REGISTER_APP_GROUPS = YES;
				SDKROOT = auto;
				STRING_CATALOG_GENERATE_SYMBOLS = YES;
				SUPPORTED_PLATFORMS = "iphoneos iphonesimulator macosx xros xrsimulator";
				SWIFT_APPROACHABLE_CONCURRENCY = YES;
				SWIFT_DEFAULT_ACTOR_ISOLATION = MainActor;
				SWIFT_EMIT_LOC_STRINGS = YES;
				SWIFT_UPCOMING_FEATURE_MEMBER_IMPORT_VISIBILITY = YES;
				SWIFT_VERSION = 5.0;
				TARGETED_DEVICE_FAMILY = "1,2,7";
				XROS_DEPLOYMENT_TARGET = 26.2;
			};
			name = Debug;
		};
		C85263CB2F189B410083198D /* Release */ = {
			isa = XCBuildConfiguration;
			buildSettings = {
				ASSETCATALOG_COMPILER_APPICON_NAME = AppIcon;
				ASSETCATALOG_COMPILER_GLOBAL_ACCENT_COLOR_NAME = AccentColor;
				CODE_SIGN_STYLE = Automatic;
				CURRENT_PROJECT_VERSION = 1;
				ENABLE_APP_SANDBOX = YES;
				ENABLE_PREVIEWS = YES;
				ENABLE_USER_SELECTED_FILES = readonly;
				GENERATE_INFOPLIST_FILE = YES;
				"INFOPLIST_KEY_UIApplicationSceneManifest_Generation[sdk=iphoneos*]" = YES;
				"INFOPLIST_KEY_UIApplicationSceneManifest_Generation[sdk=iphonesimulator*]" = YES;
				"INFOPLIST_KEY_UIApplicationSupportsIndirectInputEvents[sdk=iphoneos*]" = YES;
				"INFOPLIST_KEY_UIApplicationSupportsIndirectInputEvents[sdk=iphonesimulator*]" = YES;
				"INFOPLIST_KEY_UILaunchScreen_Generation[sdk=iphoneos*]" = YES;
				"INFOPLIST_KEY_UILaunchScreen_Generation[sdk=iphonesimulator*]" = YES;
				"INFOPLIST_KEY_UIStatusBarStyle[sdk=iphoneos*]" = UIStatusBarStyleDefault;
				"INFOPLIST_KEY_UIStatusBarStyle[sdk=iphonesimulator*]" = UIStatusBarStyleDefault;
				INFOPLIST_KEY_UISupportedInterfaceOrientations_iPad = "UIInterfaceOrientationPortrait UIInterfaceOrientationPortraitUpsideDown UIInterfaceOrientationLandscapeLeft UIInterfaceOrientationLandscapeRight";
				INFOPLIST_KEY_UISupportedInterfaceOrientations_iPhone = "UIInterfaceOrientationPortrait UIInterfaceOrientationLandscapeLeft UIInterfaceOrientationLandscapeRight";
				IPHONEOS_DEPLOYMENT_TARGET = 26.2;
				LD_RUNPATH_SEARCH_PATHS = "@executable_path/Frameworks";
				"LD_RUNPATH_SEARCH_PATHS[sdk=macosx*]" = "@executable_path/../Frameworks";
				MACOSX_DEPLOYMENT_TARGET = 26.1;
				MARKETING_VERSION = 1.0;
				PRODUCT_BUNDLE_IDENTIFIER = "s.Smart-Billing---Invoice-Analyzer-App";
				PRODUCT_NAME = "$(TARGET_NAME)";
				REGISTER_APP_GROUPS = YES;
				SDKROOT = auto;
				STRING_CATALOG_GENERATE_SYMBOLS = YES;
				SUPPORTED_PLATFORMS = "iphoneos iphonesimulator macosx xros xrsimulator";
				SWIFT_APPROACHABLE_CONCURRENCY = YES;
				SWIFT_DEFAULT_ACTOR_ISOLATION = MainActor;
				SWIFT_EMIT_LOC_STRINGS = YES;
				SWIFT_UPCOMING_FEATURE_MEMBER_IMPORT_VISIBILITY = YES;
				SWIFT_VERSION = 5.0;
				TARGETED_DEVICE_FAMILY = "1,2,7";
				XROS_DEPLOYMENT_TARGET = 26.2;
			};
			name = Release;
		};
/* End XCBuildConfiguration section */

/* Begin XCConfigurationList section */
		C85263B92F189B400083198D /* Build configuration list for PBXProject "Smart Billing & Invoice Analyzer App" */ = {
			isa = XCConfigurationList;
			buildConfigurations = (
				C85263C72F189B410083198D /* Debug */,
				C85263C82F189B410083198D /* Release */,
			);
			defaultConfigurationIsVisible = 0;
			defaultConfigurationName = Release;
		};
		C85263C92F189B410083198D /* Build configuration list for PBXNativeTarget "Smart Billing & Invoice Analyzer App" */ = {
			isa = XCConfigurationList;
			buildConfigurations = (
				C85263CA2F189B410083198D /* Debug */,
				C85263CB2F189B410083198D /* Release */,
			);
			defaultConfigurationIsVisible = 0;
			defaultConfigurationName = Release;
		};
/* End XCConfigurationList section */

/* Begin XCRemoteSwiftPackageReference section */
		C85263DD2F18B3F20083198D /* XCRemoteSwiftPackageReference "firebase-ios-sdk" */ = {
			isa = XCRemoteSwiftPackageReference;
			repositoryURL = "https://github.com/firebase/firebase-ios-sdk";
			requirement = {
				kind = upToNextMajorVersion;
				minimumVersion = 12.8.0;
			};
		};
/* End XCRemoteSwiftPackageReference section */

/* Begin XCSwiftPackageProductDependency section */
		C85263DE2F18B3F20083198D /* FirebaseAI */ = {
			isa = XCSwiftPackageProductDependency;
			package = C85263DD2F18B3F20083198D /* XCRemoteSwiftPackageReference "firebase-ios-sdk" */;
			productName = FirebaseAI;
		};
		C85263E02F18B3F30083198D /* FirebaseAILogic */ = {
			isa = XCSwiftPackageProductDependency;
			package = C85263DD2F18B3F20083198D /* XCRemoteSwiftPackageReference "firebase-ios-sdk" */;
			productName = FirebaseAILogic;
		};
		C85263E22F18B3F30083198D /* FirebaseAnalytics */ = {
			isa = XCSwiftPackageProductDependency;
			package = C85263DD2F18B3F20083198D /* XCRemoteSwiftPackageReference "firebase-ios-sdk" */;
			productName = FirebaseAnalytics;
		};
		C85263E42F18B3F30083198D /* FirebaseAnalyticsCore */ = {
			isa = XCSwiftPackageProductDependency;
			package = C85263DD2F18B3F20083198D /* XCRemoteSwiftPackageReference "firebase-ios-sdk" */;
			productName = FirebaseAnalyticsCore;
		};
		C85263E62F18B3F30083198D /* FirebaseAnalyticsIdentitySupport */ = {
			isa = XCSwiftPackageProductDependency;
			package = C85263DD2F18B3F20083198D /* XCRemoteSwiftPackageReference "firebase-ios-sdk" */;
			productName = FirebaseAnalyticsIdentitySupport;
		};
		C85263E82F18B3F30083198D /* FirebaseAppCheck */ = {
			isa = XCSwiftPackageProductDependency;
			package = C85263DD2F18B3F20083198D /* XCRemoteSwiftPackageReference "firebase-ios-sdk" */;
			productName = FirebaseAppCheck;
		};
		C85263EA2F18B3F30083198D /* FirebaseAuth */ = {
			isa = XCSwiftPackageProductDependency;
			package = C85263DD2F18B3F20083198D /* XCRemoteSwiftPackageReference "firebase-ios-sdk" */;
			productName = FirebaseAuth;
		};
		C85263EC2F18B3F30083198D /* FirebaseCore */ = {
			isa = XCSwiftPackageProductDependency;
			package = C85263DD2F18B3F20083198D /* XCRemoteSwiftPackageReference "firebase-ios-sdk" */;
			productName = FirebaseCore;
		};
		C85263EE2F18B3F30083198D /* FirebaseDatabase */ = {
			isa = XCSwiftPackageProductDependency;
			package = C85263DD2F18B3F20083198D /* XCRemoteSwiftPackageReference "firebase-ios-sdk" */;
			productName = FirebaseDatabase;
		};
		C85263F02F18B3F30083198D /* FirebaseFirestore */ = {
			isa = XCSwiftPackageProductDependency;
			package = C85263DD2F18B3F20083198D /* XCRemoteSwiftPackageReference "firebase-ios-sdk" */;
			productName = FirebaseFirestore;
		};
		C85263F22F18B3F30083198D /* FirebaseFunctions */ = {
			isa = XCSwiftPackageProductDependency;
			package = C85263DD2F18B3F20083198D /* XCRemoteSwiftPackageReference "firebase-ios-sdk" */;
			productName = FirebaseFunctions;
		};
		C85263F42F18B3F30083198D /* FirebaseInAppMessaging-Beta */ = {
			isa = XCSwiftPackageProductDependency;
			package = C85263DD2F18B3F20083198D /* XCRemoteSwiftPackageReference "firebase-ios-sdk" */;
			productName = "FirebaseInAppMessaging-Beta";
		};
		C85263F62F18B3F30083198D /* FirebaseMessaging */ = {
			isa = XCSwiftPackageProductDependency;
			package = C85263DD2F18B3F20083198D /* XCRemoteSwiftPackageReference "firebase-ios-sdk" */;
			productName = FirebaseMessaging;
		};
		C85263F82F18B3F30083198D /* FirebaseStorage */ = {
			isa = XCSwiftPackageProductDependency;
			package = C85263DD2F18B3F20083198D /* XCRemoteSwiftPackageReference "firebase-ios-sdk" */;
			productName = FirebaseStorage;
		};
/* End XCSwiftPackageProductDependency section */
	};
	rootObject = C85263B62F189B400083198D /* Project object */;
}
